PODS:
  - agora_rtc_engine (6.5.1):
    - AgoraIrisRTC_iOS (= 4.5.1-build.1)
    - AgoraRtcEngine_iOS (= 4.5.1)
    - Flutter
  - AgoraInfra_iOS (1.2.13)
  - AgoraIrisRTC_iOS (4.5.1-build.1)
  - AgoraRtcEngine_iOS (4.5.1):
    - AgoraRtcEngine_iOS/AIAEC (= 4.5.1)
    - AgoraRtcEngine_iOS/AIAECLL (= 4.5.1)
    - AgoraRtcEngine_iOS/AINS (= 4.5.1)
    - AgoraRtcEngine_iOS/AINSLL (= 4.5.1)
    - AgoraRtcEngine_iOS/AudioBeauty (= 4.5.1)
    - AgoraRtcEngine_iOS/ClearVision (= 4.5.1)
    - AgoraRtcEngine_iOS/ContentInspect (= 4.5.1)
    - AgoraRtcEngine_iOS/FaceCapture (= 4.5.1)
    - AgoraRtcEngine_iOS/FaceDetection (= 4.5.1)
    - AgoraRtcEngine_iOS/LipSync (= 4.5.1)
    - AgoraRtcEngine_iOS/ReplayKit (= 4.5.1)
    - AgoraRtcEngine_iOS/RtcBasic (= 4.5.1)
    - AgoraRtcEngine_iOS/SpatialAudio (= 4.5.1)
    - AgoraRtcEngine_iOS/VideoAv1CodecDec (= 4.5.1)
    - AgoraRtcEngine_iOS/VideoAv1CodecEnc (= 4.5.1)
    - AgoraRtcEngine_iOS/VideoCodecDec (= 4.5.1)
    - AgoraRtcEngine_iOS/VideoCodecEnc (= 4.5.1)
    - AgoraRtcEngine_iOS/VirtualBackground (= 4.5.1)
    - AgoraRtcEngine_iOS/VQA (= 4.5.1)
  - AgoraRtcEngine_iOS/AIAEC (4.5.1)
  - AgoraRtcEngine_iOS/AIAECLL (4.5.1)
  - AgoraRtcEngine_iOS/AINS (4.5.1)
  - AgoraRtcEngine_iOS/AINSLL (4.5.1)
  - AgoraRtcEngine_iOS/AudioBeauty (4.5.1)
  - AgoraRtcEngine_iOS/ClearVision (4.5.1)
  - AgoraRtcEngine_iOS/ContentInspect (4.5.1)
  - AgoraRtcEngine_iOS/FaceCapture (4.5.1)
  - AgoraRtcEngine_iOS/FaceDetection (4.5.1)
  - AgoraRtcEngine_iOS/LipSync (4.5.1)
  - AgoraRtcEngine_iOS/ReplayKit (4.5.1)
  - AgoraRtcEngine_iOS/RtcBasic (4.5.1):
    - AgoraInfra_iOS (= 1.2.13)
  - AgoraRtcEngine_iOS/SpatialAudio (4.5.1)
  - AgoraRtcEngine_iOS/VideoAv1CodecDec (4.5.1)
  - AgoraRtcEngine_iOS/VideoAv1CodecEnc (4.5.1)
  - AgoraRtcEngine_iOS/VideoCodecDec (4.5.1)
  - AgoraRtcEngine_iOS/VideoCodecEnc (4.5.1)
  - AgoraRtcEngine_iOS/VirtualBackground (4.5.1)
  - AgoraRtcEngine_iOS/VQA (4.5.1)
  - audio_session (0.0.1):
    - Flutter
  - Flutter (1.0.0)
  - flutter_sound_core (10.3.0)
  - iris_method_channel (0.0.1):
    - Flutter
  - path_provider_foundation (0.0.1):
    - Flutter
    - FlutterMacOS
  - permission_handler_apple (9.3.0):
    - Flutter
  - taudio (10.3.0):
    - Flutter
    - flutter_sound_core (= 10.3.0)

DEPENDENCIES:
  - agora_rtc_engine (from `.symlinks/plugins/agora_rtc_engine/ios`)
  - audio_session (from `.symlinks/plugins/audio_session/ios`)
  - Flutter (from `Flutter`)
  - iris_method_channel (from `.symlinks/plugins/iris_method_channel/ios`)
  - path_provider_foundation (from `.symlinks/plugins/path_provider_foundation/darwin`)
  - permission_handler_apple (from `.symlinks/plugins/permission_handler_apple/ios`)
  - taudio (from `.symlinks/plugins/taudio/ios`)

SPEC REPOS:
  trunk:
    - AgoraInfra_iOS
    - AgoraIrisRTC_iOS
    - AgoraRtcEngine_iOS
    - flutter_sound_core

EXTERNAL SOURCES:
  agora_rtc_engine:
    :path: ".symlinks/plugins/agora_rtc_engine/ios"
  audio_session:
    :path: ".symlinks/plugins/audio_session/ios"
  Flutter:
    :path: Flutter
  iris_method_channel:
    :path: ".symlinks/plugins/iris_method_channel/ios"
  path_provider_foundation:
    :path: ".symlinks/plugins/path_provider_foundation/darwin"
  permission_handler_apple:
    :path: ".symlinks/plugins/permission_handler_apple/ios"
  taudio:
    :path: ".symlinks/plugins/taudio/ios"

SPEC CHECKSUMS:
  agora_rtc_engine: 084c652232214b8ec39084127295e0e3856a7cb4
  AgoraInfra_iOS: 65e11a2183ab7836258768868d06058c22701b13
  AgoraIrisRTC_iOS: dd3d957c25be6bd2b2a5d03fe706ebe8a46909f0
  AgoraRtcEngine_iOS: 5092a058c7b2842db39d8ca614d451af6f84969a
  audio_session: 19e9480dbdd4e5f6c4543826b2e8b0e4ab6145fe
  Flutter: e0871f40cf51350855a761d2e70bf5af5b9b5de7
  flutter_sound_core: 977fa89ecaa80e3a75605be6ccd2d3b07d89f229
  iris_method_channel: 0617c689164d8154c020c50f63ca79f92b8a7b9d
  path_provider_foundation: 2b6b4c569c0fb62ec74538f866245ac84301af46
  permission_handler_apple: 9878588469a2b0d0fc1e048d9f43605f92e6cec2
  taudio: 7fe209807ed8773484120393b5dcf3eb5631152c

PODFILE CHECKSUM: 61d1fc81a106ca9dea01b8aa0a933c5b46fd2205

COCOAPODS: 1.16.2
